
Microsoft Visual Studio Solution File, Format Version 12.00
Project("{FAE04EC0-301F-11D3-BF4B-00C04F79EFBC}") = "manassa-ticket-backend", "manassa-ticket-backend\manassa-ticket-backend.csproj", "{AA28F61C-D16A-4DF7-AC53-5B53B632E1E8}"
EndProject
Project("{FAE04EC0-301F-11D3-BF4B-00C04F79EFBC}") = "TestManassaTicketBackend", "TestManassaTicketBackend\TestManassaTicketBackend.csproj", "{E4B8265D-EA46-4DE1-8A7C-69D48BDF156C}"
EndProject
Project("{2150E333-8FDC-42A3-9474-1A3956D46DE8}") = "Solution Items", "Solution Items", "{0DF7A1DD-60D3-45E4-87C5-21EF2451608F}"
	ProjectSection(SolutionItems) = preProject
		compose.yaml = compose.yaml
		compose.dev.yaml = compose.dev.yaml
		compose.prod.yaml = compose.prod.yaml
	EndProjectSection
EndProject
Global
	GlobalSection(SolutionConfigurationPlatforms) = preSolution
		Debug|Any CPU = Debug|Any CPU
		Debug|x64 = Debug|x64
		Debug|x86 = Debug|x86
		Release|Any CPU = Release|Any CPU
		Release|x64 = Release|x64
		Release|x86 = Release|x86
	EndGlobalSection
	GlobalSection(ProjectConfigurationPlatforms) = postSolution
		{AA28F61C-D16A-4DF7-AC53-5B53B632E1E8}.Debug|Any CPU.ActiveCfg = Debug|Any CPU
		{AA28F61C-D16A-4DF7-AC53-5B53B632E1E8}.Debug|Any CPU.Build.0 = Debug|Any CPU
		{AA28F61C-D16A-4DF7-AC53-5B53B632E1E8}.Debug|x64.ActiveCfg = Debug|Any CPU
		{AA28F61C-D16A-4DF7-AC53-5B53B632E1E8}.Debug|x64.Build.0 = Debug|Any CPU
		{AA28F61C-D16A-4DF7-AC53-5B53B632E1E8}.Debug|x86.ActiveCfg = Debug|Any CPU
		{AA28F61C-D16A-4DF7-AC53-5B53B632E1E8}.Debug|x86.Build.0 = Debug|Any CPU
		{AA28F61C-D16A-4DF7-AC53-5B53B632E1E8}.Release|Any CPU.ActiveCfg = Release|Any CPU
		{AA28F61C-D16A-4DF7-AC53-5B53B632E1E8}.Release|Any CPU.Build.0 = Release|Any CPU
		{AA28F61C-D16A-4DF7-AC53-5B53B632E1E8}.Release|x64.ActiveCfg = Release|Any CPU
		{AA28F61C-D16A-4DF7-AC53-5B53B632E1E8}.Release|x64.Build.0 = Release|Any CPU
		{AA28F61C-D16A-4DF7-AC53-5B53B632E1E8}.Release|x86.ActiveCfg = Release|Any CPU
		{AA28F61C-D16A-4DF7-AC53-5B53B632E1E8}.Release|x86.Build.0 = Release|Any CPU
		{E4B8265D-EA46-4DE1-8A7C-69D48BDF156C}.Debug|Any CPU.ActiveCfg = Debug|Any CPU
		{E4B8265D-EA46-4DE1-8A7C-69D48BDF156C}.Debug|Any CPU.Build.0 = Debug|Any CPU
		{E4B8265D-EA46-4DE1-8A7C-69D48BDF156C}.Debug|x64.ActiveCfg = Debug|Any CPU
		{E4B8265D-EA46-4DE1-8A7C-69D48BDF156C}.Debug|x64.Build.0 = Debug|Any CPU
		{E4B8265D-EA46-4DE1-8A7C-69D48BDF156C}.Debug|x86.ActiveCfg = Debug|Any CPU
		{E4B8265D-EA46-4DE1-8A7C-69D48BDF156C}.Debug|x86.Build.0 = Debug|Any CPU
		{E4B8265D-EA46-4DE1-8A7C-69D48BDF156C}.Release|Any CPU.ActiveCfg = Release|Any CPU
		{E4B8265D-EA46-4DE1-8A7C-69D48BDF156C}.Release|Any CPU.Build.0 = Release|Any CPU
		{E4B8265D-EA46-4DE1-8A7C-69D48BDF156C}.Release|x64.ActiveCfg = Release|Any CPU
		{E4B8265D-EA46-4DE1-8A7C-69D48BDF156C}.Release|x64.Build.0 = Release|Any CPU
		{E4B8265D-EA46-4DE1-8A7C-69D48BDF156C}.Release|x86.ActiveCfg = Release|Any CPU
		{E4B8265D-EA46-4DE1-8A7C-69D48BDF156C}.Release|x86.Build.0 = Release|Any CPU
	EndGlobalSection
	GlobalSection(SolutionProperties) = preSolution
		HideSolutionNode = FALSE
	EndGlobalSection
EndGlobal
